
Microsoft Visual Studio Solution File, Format Version 12.00
# Visual Studio Version 17
VisualStudioVersion = 17.13.35931.197 d17.13
MinimumVisualStudioVersion = 10.0.40219.1
Project("{FAE04EC0-301F-11D3-BF4B-00C04F79EFBC}") = "HSE_Bank", "HSE_Bank\HSE_Bank.csproj", "{533541FF-36DA-4121-9A39-537BA2577A4E}"
EndProject
Project("{FAE04EC0-301F-11D3-BF4B-00C04F79EFBC}") = "HSE_Bank.Tests", "HSE_Bank.Tests\HSE_Bank.Tests.csproj", "{0EDF5131-5733-400C-A505-8B35AFF6B781}"
EndProject
Project("{2150E333-8FDC-42A3-9474-1A3956D46DE8}") = "Элементы решения", "Элементы решения", "{754FC069-D67B-A9D7-50A1-8D1CA196D8F1}"
	ProjectSection(SolutionItems) = preProject
		.gitignore = .gitignore
		README.md = README.md
	EndProjectSection
EndProject
Global
	GlobalSection(SolutionConfigurationPlatforms) = preSolution
		Debug|Any CPU = Debug|Any CPU
		Release|Any CPU = Release|Any CPU
	EndGlobalSection
	GlobalSection(ProjectConfigurationPlatforms) = postSolution
		{533541FF-36DA-4121-9A39-537BA2577A4E}.Debug|Any CPU.ActiveCfg = Debug|Any CPU
		{533541FF-36DA-4121-9A39-537BA2577A4E}.Debug|Any CPU.Build.0 = Debug|Any CPU
		{533541FF-36DA-4121-9A39-537BA2577A4E}.Release|Any CPU.ActiveCfg = Release|Any CPU
		{533541FF-36DA-4121-9A39-537BA2577A4E}.Release|Any CPU.Build.0 = Release|Any CPU
		{0EDF5131-5733-400C-A505-8B35AFF6B781}.Debug|Any CPU.ActiveCfg = Debug|Any CPU
		{0EDF5131-5733-400C-A505-8B35AFF6B781}.Debug|Any CPU.Build.0 = Debug|Any CPU
		{0EDF5131-5733-400C-A505-8B35AFF6B781}.Release|Any CPU.ActiveCfg = Release|Any CPU
		{0EDF5131-5733-400C-A505-8B35AFF6B781}.Release|Any CPU.Build.0 = Release|Any CPU
	EndGlobalSection
	GlobalSection(SolutionProperties) = preSolution
		HideSolutionNode = FALSE
	EndGlobalSection
	GlobalSection(ExtensibilityGlobals) = postSolution
		SolutionGuid = {D4D627A0-D90A-446D-9B26-53FB803D62D6}
	EndGlobalSection
EndGlobal
